
Microsoft Visual Studio Solution File, Format Version 12.00
# Visual Studio Version 17
VisualStudioVersion = 17.10.34928.147
MinimumVisualStudioVersion = 10.0.40219.1
Project("{FAE04EC0-301F-11D3-BF4B-00C04F79EFBC}") = "ExamTasks", "ExamTasks\ExamTasks.csproj", "{064EEF81-553C-40ED-8B46-5035A06D250A}"
EndProject
Global
	GlobalSection(SolutionConfigurationPlatforms) = preSolution
		Debug|Any CPU = Debug|Any CPU
		Release|Any CPU = Release|Any CPU
	EndGlobalSection
	GlobalSection(ProjectConfigurationPlatforms) = postSolution
		{064EEF81-553C-40ED-8B46-5035A06D250A}.Debug|Any CPU.ActiveCfg = Debug|Any CPU
		{064EEF81-553C-40ED-8B46-5035A06D250A}.Debug|Any CPU.Build.0 = Debug|Any CPU
		{064EEF81-553C-40ED-8B46-5035A06D250A}.Release|Any CPU.ActiveCfg = Release|Any CPU
		{064EEF81-553C-40ED-8B46-5035A06D250A}.Release|Any CPU.Build.0 = Release|Any CPU
	EndGlobalSection
	GlobalSection(SolutionProperties) = preSolution
		HideSolutionNode = FALSE
	EndGlobalSection
	GlobalSection(ExtensibilityGlobals) = postSolution
		SolutionGuid = {BF164322-F665-4BD7-914E-FC7D55759ED1}
	EndGlobalSection
EndGlobal
